// !$*UTF8*$!
{
	archiveVersion = 1;
	classes = {
	};
	objectVersion = 50;
	objects = {

/* Begin PBXBuildFile section */
		8AC5A87C2F3399DD5C245BE3 /* Pods_Haulio.framework in Frameworks */ = {isa = PBXBuildFile; fileRef = ACB9E70F261F94364FD08ECA /* Pods_Haulio.framework */; };
		AB6F9ED23AB236DFC0069BB4 /* Pods_HaulioTests.framework in Frameworks */ = {isa = PBXBuildFile; fileRef = CDCECA7E8ACB4BBA9686E12B /* Pods_HaulioTests.framework */; };
		F75C546E21B3BE49009AA3DC /* AppDelegate.swift in Sources */ = {isa = PBXBuildFile; fileRef = F75C546D21B3BE49009AA3DC /* AppDelegate.swift */; };
		F75C547521B3BE4A009AA3DC /* Assets.xcassets in Resources */ = {isa = PBXBuildFile; fileRef = F75C547421B3BE4A009AA3DC /* Assets.xcassets */; };
		F75C547821B3BE4A009AA3DC /* LaunchScreen.storyboard in Resources */ = {isa = PBXBuildFile; fileRef = F75C547621B3BE4A009AA3DC /* LaunchScreen.storyboard */; };
		F75C548321B3BE4A009AA3DC /* HaulioTests.swift in Sources */ = {isa = PBXBuildFile; fileRef = F75C548221B3BE4A009AA3DC /* HaulioTests.swift */; };
		F75C549321B3BFFD009AA3DC /* Login.storyboard in Resources */ = {isa = PBXBuildFile; fileRef = F75C549221B3BFFD009AA3DC /* Login.storyboard */; };
		F77E745021B3C5C800DCF3BB /* LoginController.swift in Sources */ = {isa = PBXBuildFile; fileRef = F77E744F21B3C5C800DCF3BB /* LoginController.swift */; };
		F77E745321B3C9AB00DCF3BB /* JobList.storyboard in Resources */ = {isa = PBXBuildFile; fileRef = F77E745221B3C9AB00DCF3BB /* JobList.storyboard */; };
		F77E745621B3CC8E00DCF3BB /* JobListController.swift in Sources */ = {isa = PBXBuildFile; fileRef = F77E745521B3CC8E00DCF3BB /* JobListController.swift */; };
		F77E745C21B3D47100DCF3BB /* Alert.swift in Sources */ = {isa = PBXBuildFile; fileRef = F77E745B21B3D47100DCF3BB /* Alert.swift */; };
		F77E746021B3D5D000DCF3BB /* CircularSpinner.xib in Resources */ = {isa = PBXBuildFile; fileRef = F77E745E21B3D5D000DCF3BB /* CircularSpinner.xib */; };
		F77E746121B3D5D000DCF3BB /* CircularSpinner.swift in Sources */ = {isa = PBXBuildFile; fileRef = F77E745F21B3D5D000DCF3BB /* CircularSpinner.swift */; };
		F77E746421B3FCC800DCF3BB /* Job.swift in Sources */ = {isa = PBXBuildFile; fileRef = F77E746321B3FCC800DCF3BB /* Job.swift */; };
		F77E746621B3FE3C00DCF3BB /* JobListController+TableView.swift in Sources */ = {isa = PBXBuildFile; fileRef = F77E746521B3FE3C00DCF3BB /* JobListController+TableView.swift */; };
		F77E746C21B40A8000DCF3BB /* JobListCell.swift in Sources */ = {isa = PBXBuildFile; fileRef = F77E746B21B40A8000DCF3BB /* JobListCell.swift */; };
		F77E747021B40C7C00DCF3BB /* JobDetails.storyboard in Resources */ = {isa = PBXBuildFile; fileRef = F77E746F21B40C7C00DCF3BB /* JobDetails.storyboard */; };
		F77E747321B40FE300DCF3BB /* JobDetailsController.swift in Sources */ = {isa = PBXBuildFile; fileRef = F77E747221B40FE300DCF3BB /* JobDetailsController.swift */; };
		F77E747521B4184000DCF3BB /* Driver.swift in Sources */ = {isa = PBXBuildFile; fileRef = F77E747421B4184000DCF3BB /* Driver.swift */; };
		F77E747721B42E8B00DCF3BB /* JobListController+API.swift in Sources */ = {isa = PBXBuildFile; fileRef = F77E747621B42E8B00DCF3BB /* JobListController+API.swift */; };
		F77E747921B42EA700DCF3BB /* Constants.swift in Sources */ = {isa = PBXBuildFile; fileRef = F77E747821B42EA700DCF3BB /* Constants.swift */; };
		F77E747B21B448F800DCF3BB /* JobDetailsController+TableView.swift in Sources */ = {isa = PBXBuildFile; fileRef = F77E747A21B448F800DCF3BB /* JobDetailsController+TableView.swift */; };
		F77E747D21B4492200DCF3BB /* JobDetailsController+SearchBarDelegate.swift in Sources */ = {isa = PBXBuildFile; fileRef = F77E747C21B4492200DCF3BB /* JobDetailsController+SearchBarDelegate.swift */; };
		F77E747F21B4494500DCF3BB /* JobDetailsController+MKMap.swift in Sources */ = {isa = PBXBuildFile; fileRef = F77E747E21B4494500DCF3BB /* JobDetailsController+MKMap.swift */; };
/* End PBXBuildFile section */

/* Begin PBXContainerItemProxy section */
		F75C547F21B3BE4A009AA3DC /* PBXContainerItemProxy */ = {
			isa = PBXContainerItemProxy;
			containerPortal = F75C546221B3BE49009AA3DC /* Project object */;
			proxyType = 1;
			remoteGlobalIDString = F75C546921B3BE49009AA3DC;
			remoteInfo = Haulio;
		};
/* End PBXContainerItemProxy section */

/* Begin PBXFileReference section */
		1E8C881F55624D1A455D72A8 /* Pods-HaulioTests.release.xcconfig */ = {isa = PBXFileReference; includeInIndex = 1; lastKnownFileType = text.xcconfig; name = "Pods-HaulioTests.release.xcconfig"; path = "Pods/Target Support Files/Pods-HaulioTests/Pods-HaulioTests.release.xcconfig"; sourceTree = "<group>"; };
		61D004CA79243F66B1023710 /* Pods-HaulioTests.debug.xcconfig */ = {isa = PBXFileReference; includeInIndex = 1; lastKnownFileType = text.xcconfig; name = "Pods-HaulioTests.debug.xcconfig"; path = "Pods/Target Support Files/Pods-HaulioTests/Pods-HaulioTests.debug.xcconfig"; sourceTree = "<group>"; };
		9BD865136F9601269D8198FA /* Pods-Haulio.release.xcconfig */ = {isa = PBXFileReference; includeInIndex = 1; lastKnownFileType = text.xcconfig; name = "Pods-Haulio.release.xcconfig"; path = "Pods/Target Support Files/Pods-Haulio/Pods-Haulio.release.xcconfig"; sourceTree = "<group>"; };
		A81FE347058FC6CA314F7BE0 /* Pods-Haulio.debug.xcconfig */ = {isa = PBXFileReference; includeInIndex = 1; lastKnownFileType = text.xcconfig; name = "Pods-Haulio.debug.xcconfig"; path = "Pods/Target Support Files/Pods-Haulio/Pods-Haulio.debug.xcconfig"; sourceTree = "<group>"; };
		ACB9E70F261F94364FD08ECA /* Pods_Haulio.framework */ = {isa = PBXFileReference; explicitFileType = wrapper.framework; includeInIndex = 0; path = Pods_Haulio.framework; sourceTree = BUILT_PRODUCTS_DIR; };
		CDCECA7E8ACB4BBA9686E12B /* Pods_HaulioTests.framework */ = {isa = PBXFileReference; explicitFileType = wrapper.framework; includeInIndex = 0; path = Pods_HaulioTests.framework; sourceTree = BUILT_PRODUCTS_DIR; };
		F75C546A21B3BE49009AA3DC /* Haulio.app */ = {isa = PBXFileReference; explicitFileType = wrapper.application; includeInIndex = 0; path = Haulio.app; sourceTree = BUILT_PRODUCTS_DIR; };
		F75C546D21B3BE49009AA3DC /* AppDelegate.swift */ = {isa = PBXFileReference; lastKnownFileType = sourcecode.swift; path = AppDelegate.swift; sourceTree = "<group>"; };
		F75C547421B3BE4A009AA3DC /* Assets.xcassets */ = {isa = PBXFileReference; lastKnownFileType = folder.assetcatalog; path = Assets.xcassets; sourceTree = "<group>"; };
		F75C547721B3BE4A009AA3DC /* Base */ = {isa = PBXFileReference; lastKnownFileType = file.storyboard; name = Base; path = Base.lproj/LaunchScreen.storyboard; sourceTree = "<group>"; };
		F75C547921B3BE4A009AA3DC /* Info.plist */ = {isa = PBXFileReference; lastKnownFileType = text.plist.xml; path = Info.plist; sourceTree = "<group>"; };
		F75C547E21B3BE4A009AA3DC /* HaulioTests.xctest */ = {isa = PBXFileReference; explicitFileType = wrapper.cfbundle; includeInIndex = 0; path = HaulioTests.xctest; sourceTree = BUILT_PRODUCTS_DIR; };
		F75C548221B3BE4A009AA3DC /* HaulioTests.swift */ = {isa = PBXFileReference; lastKnownFileType = sourcecode.swift; path = HaulioTests.swift; sourceTree = "<group>"; };
		F75C548421B3BE4A009AA3DC /* Info.plist */ = {isa = PBXFileReference; lastKnownFileType = text.plist.xml; path = Info.plist; sourceTree = "<group>"; };
		F75C549221B3BFFD009AA3DC /* Login.storyboard */ = {isa = PBXFileReference; lastKnownFileType = file.storyboard; path = Login.storyboard; sourceTree = "<group>"; };
		F77E744F21B3C5C800DCF3BB /* LoginController.swift */ = {isa = PBXFileReference; lastKnownFileType = sourcecode.swift; path = LoginController.swift; sourceTree = "<group>"; };
		F77E745221B3C9AB00DCF3BB /* JobList.storyboard */ = {isa = PBXFileReference; lastKnownFileType = file.storyboard; path = JobList.storyboard; sourceTree = "<group>"; };
		F77E745521B3CC8E00DCF3BB /* JobListController.swift */ = {isa = PBXFileReference; lastKnownFileType = sourcecode.swift; path = JobListController.swift; sourceTree = "<group>"; };
		F77E745B21B3D47100DCF3BB /* Alert.swift */ = {isa = PBXFileReference; lastKnownFileType = sourcecode.swift; path = Alert.swift; sourceTree = "<group>"; };
		F77E745E21B3D5D000DCF3BB /* CircularSpinner.xib */ = {isa = PBXFileReference; fileEncoding = 4; lastKnownFileType = file.xib; path = CircularSpinner.xib; sourceTree = "<group>"; };
		F77E745F21B3D5D000DCF3BB /* CircularSpinner.swift */ = {isa = PBXFileReference; fileEncoding = 4; lastKnownFileType = sourcecode.swift; path = CircularSpinner.swift; sourceTree = "<group>"; };
		F77E746321B3FCC800DCF3BB /* Job.swift */ = {isa = PBXFileReference; lastKnownFileType = sourcecode.swift; path = Job.swift; sourceTree = "<group>"; };
		F77E746521B3FE3C00DCF3BB /* JobListController+TableView.swift */ = {isa = PBXFileReference; lastKnownFileType = sourcecode.swift; path = "JobListController+TableView.swift"; sourceTree = "<group>"; };
		F77E746B21B40A8000DCF3BB /* JobListCell.swift */ = {isa = PBXFileReference; lastKnownFileType = sourcecode.swift; path = JobListCell.swift; sourceTree = "<group>"; };
		F77E746F21B40C7C00DCF3BB /* JobDetails.storyboard */ = {isa = PBXFileReference; lastKnownFileType = file.storyboard; path = JobDetails.storyboard; sourceTree = "<group>"; };
		F77E747221B40FE300DCF3BB /* JobDetailsController.swift */ = {isa = PBXFileReference; lastKnownFileType = sourcecode.swift; path = JobDetailsController.swift; sourceTree = "<group>"; };
		F77E747421B4184000DCF3BB /* Driver.swift */ = {isa = PBXFileReference; lastKnownFileType = sourcecode.swift; path = Driver.swift; sourceTree = "<group>"; };
		F77E747621B42E8B00DCF3BB /* JobListController+API.swift */ = {isa = PBXFileReference; lastKnownFileType = sourcecode.swift; path = "JobListController+API.swift"; sourceTree = "<group>"; };
		F77E747821B42EA700DCF3BB /* Constants.swift */ = {isa = PBXFileReference; lastKnownFileType = sourcecode.swift; path = Constants.swift; sourceTree = "<group>"; };
		F77E747A21B448F800DCF3BB /* JobDetailsController+TableView.swift */ = {isa = PBXFileReference; lastKnownFileType = sourcecode.swift; path = "JobDetailsController+TableView.swift"; sourceTree = "<group>"; };
		F77E747C21B4492200DCF3BB /* JobDetailsController+SearchBarDelegate.swift */ = {isa = PBXFileReference; lastKnownFileType = sourcecode.swift; path = "JobDetailsController+SearchBarDelegate.swift"; sourceTree = "<group>"; };
		F77E747E21B4494500DCF3BB /* JobDetailsController+MKMap.swift */ = {isa = PBXFileReference; lastKnownFileType = sourcecode.swift; path = "JobDetailsController+MKMap.swift"; sourceTree = "<group>"; };
/* End PBXFileReference section */

/* Begin PBXFrameworksBuildPhase section */
		F75C546721B3BE49009AA3DC /* Frameworks */ = {
			isa = PBXFrameworksBuildPhase;
			buildActionMask = 2147483647;
			files = (
				8AC5A87C2F3399DD5C245BE3 /* Pods_Haulio.framework in Frameworks */,
			);
			runOnlyForDeploymentPostprocessing = 0;
		};
		F75C547B21B3BE4A009AA3DC /* Frameworks */ = {
			isa = PBXFrameworksBuildPhase;
			buildActionMask = 2147483647;
			files = (
				AB6F9ED23AB236DFC0069BB4 /* Pods_HaulioTests.framework in Frameworks */,
			);
			runOnlyForDeploymentPostprocessing = 0;
		};
/* End PBXFrameworksBuildPhase section */

/* Begin PBXGroup section */
		26F977B19CA06649DE478F67 /* Pods */ = {
			isa = PBXGroup;
			children = (
				A81FE347058FC6CA314F7BE0 /* Pods-Haulio.debug.xcconfig */,
				9BD865136F9601269D8198FA /* Pods-Haulio.release.xcconfig */,
				61D004CA79243F66B1023710 /* Pods-HaulioTests.debug.xcconfig */,
				1E8C881F55624D1A455D72A8 /* Pods-HaulioTests.release.xcconfig */,
			);
			name = Pods;
			sourceTree = "<group>";
		};
		522AA9BE5157F1A211C7B890 /* Frameworks */ = {
			isa = PBXGroup;
			children = (
				ACB9E70F261F94364FD08ECA /* Pods_Haulio.framework */,
				CDCECA7E8ACB4BBA9686E12B /* Pods_HaulioTests.framework */,
			);
			name = Frameworks;
			sourceTree = "<group>";
		};
		F75C546121B3BE49009AA3DC = {
			isa = PBXGroup;
			children = (
				F75C546C21B3BE49009AA3DC /* Haulio */,
				F75C548121B3BE4A009AA3DC /* HaulioTests */,
				F75C546B21B3BE49009AA3DC /* Products */,
				26F977B19CA06649DE478F67 /* Pods */,
				522AA9BE5157F1A211C7B890 /* Frameworks */,
			);
			sourceTree = "<group>";
		};
		F75C546B21B3BE49009AA3DC /* Products */ = {
			isa = PBXGroup;
			children = (
				F75C546A21B3BE49009AA3DC /* Haulio.app */,
				F75C547E21B3BE4A009AA3DC /* HaulioTests.xctest */,
			);
			name = Products;
			sourceTree = "<group>";
		};
		F75C546C21B3BE49009AA3DC /* Haulio */ = {
			isa = PBXGroup;
			children = (
				F77E746D21B40C5D00DCF3BB /* JobDetails */,
				F77E745721B3D43F00DCF3BB /* Utilities */,
				F75C548E21B3BFB2009AA3DC /* JobList */,
				F75C548D21B3BFA3009AA3DC /* Login */,
				F75C547421B3BE4A009AA3DC /* Assets.xcassets */,
				F75C546D21B3BE49009AA3DC /* AppDelegate.swift */,
				F75C547621B3BE4A009AA3DC /* LaunchScreen.storyboard */,
				F75C547921B3BE4A009AA3DC /* Info.plist */,
			);
			path = Haulio;
			sourceTree = "<group>";
		};
		F75C548121B3BE4A009AA3DC /* HaulioTests */ = {
			isa = PBXGroup;
			children = (
				F75C548221B3BE4A009AA3DC /* HaulioTests.swift */,
				F75C548421B3BE4A009AA3DC /* Info.plist */,
			);
			path = HaulioTests;
			sourceTree = "<group>";
		};
		F75C548D21B3BFA3009AA3DC /* Login */ = {
			isa = PBXGroup;
			children = (
				F77E744E21B3C5B200DCF3BB /* ViewControllers */,
				F75C549121B3BFE8009AA3DC /* Storyboard */,
				F77E747421B4184000DCF3BB /* Driver.swift */,
			);
			path = Login;
			sourceTree = "<group>";
		};
		F75C548E21B3BFB2009AA3DC /* JobList */ = {
			isa = PBXGroup;
			children = (
				F77E746821B4095700DCF3BB /* Views */,
				F77E746221B3FCBB00DCF3BB /* Models */,
				F77E745421B3CC7100DCF3BB /* ViewControllers */,
				F77E745121B3C99E00DCF3BB /* Storyboard */,
			);
			path = JobList;
			sourceTree = "<group>";
		};
		F75C549121B3BFE8009AA3DC /* Storyboard */ = {
			isa = PBXGroup;
			children = (
				F75C549221B3BFFD009AA3DC /* Login.storyboard */,
			);
			path = Storyboard;
			sourceTree = "<group>";
		};
		F77E744E21B3C5B200DCF3BB /* ViewControllers */ = {
			isa = PBXGroup;
			children = (
				F77E744F21B3C5C800DCF3BB /* LoginController.swift */,
			);
			path = ViewControllers;
			sourceTree = "<group>";
		};
		F77E745121B3C99E00DCF3BB /* Storyboard */ = {
			isa = PBXGroup;
			children = (
				F77E745221B3C9AB00DCF3BB /* JobList.storyboard */,
			);
			path = Storyboard;
			sourceTree = "<group>";
		};
		F77E745421B3CC7100DCF3BB /* ViewControllers */ = {
			isa = PBXGroup;
			children = (
				F77E745521B3CC8E00DCF3BB /* JobListController.swift */,
				F77E746521B3FE3C00DCF3BB /* JobListController+TableView.swift */,
				F77E747621B42E8B00DCF3BB /* JobListController+API.swift */,
			);
			path = ViewControllers;
			sourceTree = "<group>";
		};
		F77E745721B3D43F00DCF3BB /* Utilities */ = {
			isa = PBXGroup;
			children = (
				F77E745D21B3D5D000DCF3BB /* CircularSpinner */,
				F77E745B21B3D47100DCF3BB /* Alert.swift */,
				F77E747821B42EA700DCF3BB /* Constants.swift */,
			);
			path = Utilities;
			sourceTree = "<group>";
		};
		F77E745D21B3D5D000DCF3BB /* CircularSpinner */ = {
			isa = PBXGroup;
			children = (
				F77E745E21B3D5D000DCF3BB /* CircularSpinner.xib */,
				F77E745F21B3D5D000DCF3BB /* CircularSpinner.swift */,
			);
			path = CircularSpinner;
			sourceTree = "<group>";
		};
		F77E746221B3FCBB00DCF3BB /* Models */ = {
			isa = PBXGroup;
			children = (
				F77E746321B3FCC800DCF3BB /* Job.swift */,
			);
			path = Models;
			sourceTree = "<group>";
		};
		F77E746821B4095700DCF3BB /* Views */ = {
			isa = PBXGroup;
			children = (
				F77E746B21B40A8000DCF3BB /* JobListCell.swift */,
			);
			path = Views;
			sourceTree = "<group>";
		};
		F77E746D21B40C5D00DCF3BB /* JobDetails */ = {
			isa = PBXGroup;
			children = (
				F77E747121B40FCA00DCF3BB /* ViewControllers */,
				F77E746E21B40C6500DCF3BB /* Storyboards */,
			);
			path = JobDetails;
			sourceTree = "<group>";
		};
		F77E746E21B40C6500DCF3BB /* Storyboards */ = {
			isa = PBXGroup;
			children = (
				F77E746F21B40C7C00DCF3BB /* JobDetails.storyboard */,
			);
			path = Storyboards;
			sourceTree = "<group>";
		};
		F77E747121B40FCA00DCF3BB /* ViewControllers */ = {
			isa = PBXGroup;
			children = (
				F77E747221B40FE300DCF3BB /* JobDetailsController.swift */,
				F77E747A21B448F800DCF3BB /* JobDetailsController+TableView.swift */,
				F77E747C21B4492200DCF3BB /* JobDetailsController+SearchBarDelegate.swift */,
				F77E747E21B4494500DCF3BB /* JobDetailsController+MKMap.swift */,
			);
			path = ViewControllers;
			sourceTree = "<group>";
		};
/* End PBXGroup section */

/* Begin PBXNativeTarget section */
		F75C546921B3BE49009AA3DC /* Haulio */ = {
			isa = PBXNativeTarget;
			buildConfigurationList = F75C548721B3BE4A009AA3DC /* Build configuration list for PBXNativeTarget "Haulio" */;
			buildPhases = (
				F627A676D5D04752ABD1245D /* [CP] Check Pods Manifest.lock */,
				F75C546621B3BE49009AA3DC /* Sources */,
				F75C546721B3BE49009AA3DC /* Frameworks */,
				F75C546821B3BE49009AA3DC /* Resources */,
				A460AA0C4E27C90D741F4F8F /* [CP] Embed Pods Frameworks */,
				4507AAEC81C82C6BAFFB197C /* [CP] Copy Pods Resources */,
			);
			buildRules = (
			);
			dependencies = (
			);
			name = Haulio;
			productName = Haulio;
			productReference = F75C546A21B3BE49009AA3DC /* Haulio.app */;
			productType = "com.apple.product-type.application";
		};
		F75C547D21B3BE4A009AA3DC /* HaulioTests */ = {
			isa = PBXNativeTarget;
			buildConfigurationList = F75C548A21B3BE4A009AA3DC /* Build configuration list for PBXNativeTarget "HaulioTests" */;
			buildPhases = (
				582F580D1339604ED8A02479 /* [CP] Check Pods Manifest.lock */,
				F75C547A21B3BE4A009AA3DC /* Sources */,
				F75C547B21B3BE4A009AA3DC /* Frameworks */,
				F75C547C21B3BE4A009AA3DC /* Resources */,
			);
			buildRules = (
			);
			dependencies = (
				F75C548021B3BE4A009AA3DC /* PBXTargetDependency */,
			);
			name = HaulioTests;
			productName = HaulioTests;
			productReference = F75C547E21B3BE4A009AA3DC /* HaulioTests.xctest */;
			productType = "com.apple.product-type.bundle.unit-test";
		};
/* End PBXNativeTarget section */

/* Begin PBXProject section */
		F75C546221B3BE49009AA3DC /* Project object */ = {
			isa = PBXProject;
			attributes = {
				LastSwiftUpdateCheck = 0940;
				LastUpgradeCheck = 0940;
				ORGANIZATIONNAME = DerickProductions;
				TargetAttributes = {
					F75C546921B3BE49009AA3DC = {
						CreatedOnToolsVersion = 9.4.1;
					};
					F75C547D21B3BE4A009AA3DC = {
						CreatedOnToolsVersion = 9.4.1;
						TestTargetID = F75C546921B3BE49009AA3DC;
					};
				};
			};
			buildConfigurationList = F75C546521B3BE49009AA3DC /* Build configuration list for PBXProject "Haulio" */;
			compatibilityVersion = "Xcode 9.3";
			developmentRegion = en;
			hasScannedForEncodings = 0;
			knownRegions = (
				en,
				Base,
			);
			mainGroup = F75C546121B3BE49009AA3DC;
			productRefGroup = F75C546B21B3BE49009AA3DC /* Products */;
			projectDirPath = "";
			projectRoot = "";
			targets = (
				F75C546921B3BE49009AA3DC /* Haulio */,
				F75C547D21B3BE4A009AA3DC /* HaulioTests */,
			);
		};
/* End PBXProject section */

/* Begin PBXResourcesBuildPhase section */
		F75C546821B3BE49009AA3DC /* Resources */ = {
			isa = PBXResourcesBuildPhase;
			buildActionMask = 2147483647;
			files = (
				F77E745321B3C9AB00DCF3BB /* JobList.storyboard in Resources */,
				F77E746021B3D5D000DCF3BB /* CircularSpinner.xib in Resources */,
				F75C547821B3BE4A009AA3DC /* LaunchScreen.storyboard in Resources */,
				F75C547521B3BE4A009AA3DC /* Assets.xcassets in Resources */,
				F75C549321B3BFFD009AA3DC /* Login.storyboard in Resources */,
				F77E747021B40C7C00DCF3BB /* JobDetails.storyboard in Resources */,
			);
			runOnlyForDeploymentPostprocessing = 0;
		};
		F75C547C21B3BE4A009AA3DC /* Resources */ = {
			isa = PBXResourcesBuildPhase;
			buildActionMask = 2147483647;
			files = (
			);
			runOnlyForDeploymentPostprocessing = 0;
		};
/* End PBXResourcesBuildPhase section */

/* Begin PBXShellScriptBuildPhase section */
		4507AAEC81C82C6BAFFB197C /* [CP] Copy Pods Resources */ = {
			isa = PBXShellScriptBuildPhase;
			buildActionMask = 2147483647;
			files = (
			);
			inputPaths = (
				"${SRCROOT}/Pods/Target Support Files/Pods-Haulio/Pods-Haulio-resources.sh",
				"${PODS_ROOT}/GoogleSignIn/Resources/GoogleSignIn.bundle",
			);
			name = "[CP] Copy Pods Resources";
			outputPaths = (
				"${TARGET_BUILD_DIR}/${UNLOCALIZED_RESOURCES_FOLDER_PATH}/GoogleSignIn.bundle",
			);
			runOnlyForDeploymentPostprocessing = 0;
			shellPath = /bin/sh;
			shellScript = "\"${SRCROOT}/Pods/Target Support Files/Pods-Haulio/Pods-Haulio-resources.sh\"\n";
			showEnvVarsInLog = 0;
		};
		582F580D1339604ED8A02479 /* [CP] Check Pods Manifest.lock */ = {
			isa = PBXShellScriptBuildPhase;
			buildActionMask = 2147483647;
			files = (
			);
			inputPaths = (
				"${PODS_PODFILE_DIR_PATH}/Podfile.lock",
				"${PODS_ROOT}/Manifest.lock",
			);
			name = "[CP] Check Pods Manifest.lock";
			outputPaths = (
				"$(DERIVED_FILE_DIR)/Pods-HaulioTests-checkManifestLockResult.txt",
			);
			runOnlyForDeploymentPostprocessing = 0;
			shellPath = /bin/sh;
			shellScript = "diff \"${PODS_PODFILE_DIR_PATH}/Podfile.lock\" \"${PODS_ROOT}/Manifest.lock\" > /dev/null\nif [ $? != 0 ] ; then\n    # print error to STDERR\n    echo \"error: The sandbox is not in sync with the Podfile.lock. Run 'pod install' or update your CocoaPods installation.\" >&2\n    exit 1\nfi\n# This output is used by Xcode 'outputs' to avoid re-running this script phase.\necho \"SUCCESS\" > \"${SCRIPT_OUTPUT_FILE_0}\"\n";
			showEnvVarsInLog = 0;
		};
		A460AA0C4E27C90D741F4F8F /* [CP] Embed Pods Frameworks */ = {
			isa = PBXShellScriptBuildPhase;
			buildActionMask = 2147483647;
			files = (
			);
			inputPaths = (
				"${SRCROOT}/Pods/Target Support Files/Pods-Haulio/Pods-Haulio-frameworks.sh",
				"${BUILT_PRODUCTS_DIR}/GTMOAuth2/GTMOAuth2.framework",
				"${BUILT_PRODUCTS_DIR}/GTMSessionFetcher/GTMSessionFetcher.framework",
				"${BUILT_PRODUCTS_DIR}/GoogleToolboxForMac/GoogleToolboxForMac.framework",
				"${BUILT_PRODUCTS_DIR}/IQKeyboardManagerSwift/IQKeyboardManagerSwift.framework",
				"${BUILT_PRODUCTS_DIR}/Kingfisher/Kingfisher.framework",
			);
			name = "[CP] Embed Pods Frameworks";
			outputPaths = (
				"${TARGET_BUILD_DIR}/${FRAMEWORKS_FOLDER_PATH}/GTMOAuth2.framework",
				"${TARGET_BUILD_DIR}/${FRAMEWORKS_FOLDER_PATH}/GTMSessionFetcher.framework",
				"${TARGET_BUILD_DIR}/${FRAMEWORKS_FOLDER_PATH}/GoogleToolboxForMac.framework",
				"${TARGET_BUILD_DIR}/${FRAMEWORKS_FOLDER_PATH}/IQKeyboardManagerSwift.framework",
				"${TARGET_BUILD_DIR}/${FRAMEWORKS_FOLDER_PATH}/Kingfisher.framework",
			);
			runOnlyForDeploymentPostprocessing = 0;
			shellPath = /bin/sh;
			shellScript = "\"${SRCROOT}/Pods/Target Support Files/Pods-Haulio/Pods-Haulio-frameworks.sh\"\n";
			showEnvVarsInLog = 0;
		};
		F627A676D5D04752ABD1245D /* [CP] Check Pods Manifest.lock */ = {
			isa = PBXShellScriptBuildPhase;
			buildActionMask = 2147483647;
			files = (
			);
			inputPaths = (
				"${PODS_PODFILE_DIR_PATH}/Podfile.lock",
				"${PODS_ROOT}/Manifest.lock",
			);
			name = "[CP] Check Pods Manifest.lock";
			outputPaths = (
				"$(DERIVED_FILE_DIR)/Pods-Haulio-checkManifestLockResult.txt",
			);
			runOnlyForDeploymentPostprocessing = 0;
			shellPath = /bin/sh;
			shellScript = "diff \"${PODS_PODFILE_DIR_PATH}/Podfile.lock\" \"${PODS_ROOT}/Manifest.lock\" > /dev/null\nif [ $? != 0 ] ; then\n    # print error to STDERR\n    echo \"error: The sandbox is not in sync with the Podfile.lock. Run 'pod install' or update your CocoaPods installation.\" >&2\n    exit 1\nfi\n# This output is used by Xcode 'outputs' to avoid re-running this script phase.\necho \"SUCCESS\" > \"${SCRIPT_OUTPUT_FILE_0}\"\n";
			showEnvVarsInLog = 0;
		};
/* End PBXShellScriptBuildPhase section */

/* Begin PBXSourcesBuildPhase section */
		F75C546621B3BE49009AA3DC /* Sources */ = {
			isa = PBXSourcesBuildPhase;
			buildActionMask = 2147483647;
			files = (
				F77E747321B40FE300DCF3BB /* JobDetailsController.swift in Sources */,
				F77E746121B3D5D000DCF3BB /* CircularSpinner.swift in Sources */,
				F77E745621B3CC8E00DCF3BB /* JobListController.swift in Sources */,
				F77E747F21B4494500DCF3BB /* JobDetailsController+MKMap.swift in Sources */,
				F77E747B21B448F800DCF3BB /* JobDetailsController+TableView.swift in Sources */,
				F77E747721B42E8B00DCF3BB /* JobListController+API.swift in Sources */,
				F75C546E21B3BE49009AA3DC /* AppDelegate.swift in Sources */,
				F77E745021B3C5C800DCF3BB /* LoginController.swift in Sources */,
				F77E745C21B3D47100DCF3BB /* Alert.swift in Sources */,
				F77E746421B3FCC800DCF3BB /* Job.swift in Sources */,
				F77E747D21B4492200DCF3BB /* JobDetailsController+SearchBarDelegate.swift in Sources */,
				F77E746C21B40A8000DCF3BB /* JobListCell.swift in Sources */,
				F77E746621B3FE3C00DCF3BB /* JobListController+TableView.swift in Sources */,
				F77E747521B4184000DCF3BB /* Driver.swift in Sources */,
				F77E747921B42EA700DCF3BB /* Constants.swift in Sources */,
			);
			runOnlyForDeploymentPostprocessing = 0;
		};
		F75C547A21B3BE4A009AA3DC /* Sources */ = {
			isa = PBXSourcesBuildPhase;
			buildActionMask = 2147483647;
			files = (
				F75C548321B3BE4A009AA3DC /* HaulioTests.swift in Sources */,
			);
			runOnlyForDeploymentPostprocessing = 0;
		};
/* End PBXSourcesBuildPhase section */

/* Begin PBXTargetDependency section */
		F75C548021B3BE4A009AA3DC /* PBXTargetDependency */ = {
			isa = PBXTargetDependency;
			target = F75C546921B3BE49009AA3DC /* Haulio */;
			targetProxy = F75C547F21B3BE4A009AA3DC /* PBXContainerItemProxy */;
		};
/* End PBXTargetDependency section */

/* Begin PBXVariantGroup section */
		F75C547621B3BE4A009AA3DC /* LaunchScreen.storyboard */ = {
			isa = PBXVariantGroup;
			children = (
				F75C547721B3BE4A009AA3DC /* Base */,
			);
			name = LaunchScreen.storyboard;
			sourceTree = "<group>";
		};
/* End PBXVariantGroup section */

/* Begin XCBuildConfiguration section */
		F75C548521B3BE4A009AA3DC /* Debug */ = {
			isa = XCBuildConfiguration;
			buildSettings = {
				ALWAYS_SEARCH_USER_PATHS = NO;
				CLANG_ANALYZER_NONNULL = YES;
				CLANG_ANALYZER_NUMBER_OBJECT_CONVERSION = YES_AGGRESSIVE;
				CLANG_CXX_LANGUAGE_STANDARD = "gnu++14";
				CLANG_CXX_LIBRARY = "libc++";
				CLANG_ENABLE_MODULES = YES;
				CLANG_ENABLE_OBJC_ARC = YES;
				CLANG_ENABLE_OBJC_WEAK = YES;
				CLANG_WARN_BLOCK_CAPTURE_AUTORELEASING = YES;
				CLANG_WARN_BOOL_CONVERSION = YES;
				CLANG_WARN_COMMA = YES;
				CLANG_WARN_CONSTANT_CONVERSION = YES;
				CLANG_WARN_DEPRECATED_OBJC_IMPLEMENTATIONS = YES;
				CLANG_WARN_DIRECT_OBJC_ISA_USAGE = YES_ERROR;
				CLANG_WARN_DOCUMENTATION_COMMENTS = YES;
				CLANG_WARN_EMPTY_BODY = YES;
				CLANG_WARN_ENUM_CONVERSION = YES;
				CLANG_WARN_INFINITE_RECURSION = YES;
				CLANG_WARN_INT_CONVERSION = YES;
				CLANG_WARN_NON_LITERAL_NULL_CONVERSION = YES;
				CLANG_WARN_OBJC_IMPLICIT_RETAIN_SELF = YES;
				CLANG_WARN_OBJC_LITERAL_CONVERSION = YES;
				CLANG_WARN_OBJC_ROOT_CLASS = YES_ERROR;
				CLANG_WARN_RANGE_LOOP_ANALYSIS = YES;
				CLANG_WARN_STRICT_PROTOTYPES = YES;
				CLANG_WARN_SUSPICIOUS_MOVE = YES;
				CLANG_WARN_UNGUARDED_AVAILABILITY = YES_AGGRESSIVE;
				CLANG_WARN_UNREACHABLE_CODE = YES;
				CLANG_WARN__DUPLICATE_METHOD_MATCH = YES;
				CODE_SIGN_IDENTITY = "iPhone Developer";
				COPY_PHASE_STRIP = NO;
				DEBUG_INFORMATION_FORMAT = dwarf;
				ENABLE_STRICT_OBJC_MSGSEND = YES;
				ENABLE_TESTABILITY = YES;
				GCC_C_LANGUAGE_STANDARD = gnu11;
				GCC_DYNAMIC_NO_PIC = NO;
				GCC_NO_COMMON_BLOCKS = YES;
				GCC_OPTIMIZATION_LEVEL = 0;
				GCC_PREPROCESSOR_DEFINITIONS = (
					"DEBUG=1",
					"$(inherited)",
				);
				GCC_WARN_64_TO_32_BIT_CONVERSION = YES;
				GCC_WARN_ABOUT_RETURN_TYPE = YES_ERROR;
				GCC_WARN_UNDECLARED_SELECTOR = YES;
				GCC_WARN_UNINITIALIZED_AUTOS = YES_AGGRESSIVE;
				GCC_WARN_UNUSED_FUNCTION = YES;
				GCC_WARN_UNUSED_VARIABLE = YES;
				IPHONEOS_DEPLOYMENT_TARGET = 11.4;
				MTL_ENABLE_DEBUG_INFO = YES;
				ONLY_ACTIVE_ARCH = YES;
				SDKROOT = iphoneos;
				SWIFT_ACTIVE_COMPILATION_CONDITIONS = DEBUG;
				SWIFT_OPTIMIZATION_LEVEL = "-Onone";
			};
			name = Debug;
		};
		F75C548621B3BE4A009AA3DC /* Release */ = {
			isa = XCBuildConfiguration;
			buildSettings = {
				ALWAYS_SEARCH_USER_PATHS = NO;
				CLANG_ANALYZER_NONNULL = YES;
				CLANG_ANALYZER_NUMBER_OBJECT_CONVERSION = YES_AGGRESSIVE;
				CLANG_CXX_LANGUAGE_STANDARD = "gnu++14";
				CLANG_CXX_LIBRARY = "libc++";
				CLANG_ENABLE_MODULES = YES;
				CLANG_ENABLE_OBJC_ARC = YES;
				CLANG_ENABLE_OBJC_WEAK = YES;
				CLANG_WARN_BLOCK_CAPTURE_AUTORELEASING = YES;
				CLANG_WARN_BOOL_CONVERSION = YES;
				CLANG_WARN_COMMA = YES;
				CLANG_WARN_CONSTANT_CONVERSION = YES;
				CLANG_WARN_DEPRECATED_OBJC_IMPLEMENTATIONS = YES;
				CLANG_WARN_DIRECT_OBJC_ISA_USAGE = YES_ERROR;
				CLANG_WARN_DOCUMENTATION_COMMENTS = YES;
				CLANG_WARN_EMPTY_BODY = YES;
				CLANG_WARN_ENUM_CONVERSION = YES;
				CLANG_WARN_INFINITE_RECURSION = YES;
				CLANG_WARN_INT_CONVERSION = YES;
				CLANG_WARN_NON_LITERAL_NULL_CONVERSION = YES;
				CLANG_WARN_OBJC_IMPLICIT_RETAIN_SELF = YES;
				CLANG_WARN_OBJC_LITERAL_CONVERSION = YES;
				CLANG_WARN_OBJC_ROOT_CLASS = YES_ERROR;
				CLANG_WARN_RANGE_LOOP_ANALYSIS = YES;
				CLANG_WARN_STRICT_PROTOTYPES = YES;
				CLANG_WARN_SUSPICIOUS_MOVE = YES;
				CLANG_WARN_UNGUARDED_AVAILABILITY = YES_AGGRESSIVE;
				CLANG_WARN_UNREACHABLE_CODE = YES;
				CLANG_WARN__DUPLICATE_METHOD_MATCH = YES;
				CODE_SIGN_IDENTITY = "iPhone Developer";
				COPY_PHASE_STRIP = NO;
				DEBUG_INFORMATION_FORMAT = "dwarf-with-dsym";
				ENABLE_NS_ASSERTIONS = NO;
				ENABLE_STRICT_OBJC_MSGSEND = YES;
				GCC_C_LANGUAGE_STANDARD = gnu11;
				GCC_NO_COMMON_BLOCKS = YES;
				GCC_WARN_64_TO_32_BIT_CONVERSION = YES;
				GCC_WARN_ABOUT_RETURN_TYPE = YES_ERROR;
				GCC_WARN_UNDECLARED_SELECTOR = YES;
				GCC_WARN_UNINITIALIZED_AUTOS = YES_AGGRESSIVE;
				GCC_WARN_UNUSED_FUNCTION = YES;
				GCC_WARN_UNUSED_VARIABLE = YES;
				IPHONEOS_DEPLOYMENT_TARGET = 11.4;
				MTL_ENABLE_DEBUG_INFO = NO;
				SDKROOT = iphoneos;
				SWIFT_COMPILATION_MODE = wholemodule;
				SWIFT_OPTIMIZATION_LEVEL = "-O";
				VALIDATE_PRODUCT = YES;
			};
			name = Release;
		};
		F75C548821B3BE4A009AA3DC /* Debug */ = {
			isa = XCBuildConfiguration;
			baseConfigurationReference = A81FE347058FC6CA314F7BE0 /* Pods-Haulio.debug.xcconfig */;
			buildSettings = {
				ASSETCATALOG_COMPILER_APPICON_NAME = AppIcon;
				CODE_SIGN_STYLE = Automatic;
				DEVELOPMENT_TEAM = YMGP992CD8;
				INFOPLIST_FILE = Haulio/Info.plist;
				LD_RUNPATH_SEARCH_PATHS = (
					"$(inherited)",
					"@executable_path/Frameworks",
				);
				PRODUCT_BUNDLE_IDENTIFIER = com.DerickProductions.Haulio;
				PRODUCT_NAME = "$(TARGET_NAME)";
				SWIFT_VERSION = 4.0;
				TARGETED_DEVICE_FAMILY = "1,2";
			};
			name = Debug;
		};
		F75C548921B3BE4A009AA3DC /* Release */ = {
			isa = XCBuildConfiguration;
			baseConfigurationReference = 9BD865136F9601269D8198FA /* Pods-Haulio.release.xcconfig */;
			buildSettings = {
				ASSETCATALOG_COMPILER_APPICON_NAME = AppIcon;
				CODE_SIGN_STYLE = Automatic;
				DEVELOPMENT_TEAM = YMGP992CD8;
				INFOPLIST_FILE = Haulio/Info.plist;
				LD_RUNPATH_SEARCH_PATHS = (
					"$(inherited)",
					"@executable_path/Frameworks",
				);
				PRODUCT_BUNDLE_IDENTIFIER = com.DerickProductions.Haulio;
				PRODUCT_NAME = "$(TARGET_NAME)";
				SWIFT_VERSION = 4.0;
				TARGETED_DEVICE_FAMILY = "1,2";
			};
			name = Release;
		};
		F75C548B21B3BE4A009AA3DC /* Debug */ = {
			isa = XCBuildConfiguration;
			baseConfigurationReference = 61D004CA79243F66B1023710 /* Pods-HaulioTests.debug.xcconfig */;
			buildSettings = {
				ALWAYS_EMBED_SWIFT_STANDARD_LIBRARIES = YES;
				BUNDLE_LOADER = "$(TEST_HOST)";
				CODE_SIGN_STYLE = Automatic;
				DEVELOPMENT_TEAM = YMGP992CD8;
				INFOPLIST_FILE = HaulioTests/Info.plist;
				LD_RUNPATH_SEARCH_PATHS = (
					"$(inherited)",
					"@executable_path/Frameworks",
					"@loader_path/Frameworks",
				);
				PRODUCT_BUNDLE_IDENTIFIER = com.DerickProductions.HaulioTests;
				PRODUCT_NAME = "$(TARGET_NAME)";
				SWIFT_VERSION = 4.0;
				TARGETED_DEVICE_FAMILY = "1,2";
				TEST_HOST = "$(BUILT_PRODUCTS_DIR)/Haulio.app/Haulio";
			};
			name = Debug;
		};
		F75C548C21B3BE4A009AA3DC /* Release */ = {
			isa = XCBuildConfiguration;
			baseConfigurationReference = 1E8C881F55624D1A455D72A8 /* Pods-HaulioTests.release.xcconfig */;
			buildSettings = {
				ALWAYS_EMBED_SWIFT_STANDARD_LIBRARIES = YES;
				BUNDLE_LOADER = "$(TEST_HOST)";
				CODE_SIGN_STYLE = Automatic;
				DEVELOPMENT_TEAM = YMGP992CD8;
				INFOPLIST_FILE = HaulioTests/Info.plist;
				LD_RUNPATH_SEARCH_PATHS = (
					"$(inherited)",
					"@executable_path/Frameworks",
					"@loader_path/Frameworks",
				);
				PRODUCT_BUNDLE_IDENTIFIER = com.DerickProductions.HaulioTests;
				PRODUCT_NAME = "$(TARGET_NAME)";
				SWIFT_VERSION = 4.0;
				TARGETED_DEVICE_FAMILY = "1,2";
				TEST_HOST = "$(BUILT_PRODUCTS_DIR)/Haulio.app/Haulio";
			};
			name = Release;
		};
/* End XCBuildConfiguration section */

/* Begin XCConfigurationList section */
		F75C546521B3BE49009AA3DC /* Build configuration list for PBXProject "Haulio" */ = {
			isa = XCConfigurationList;
			buildConfigurations = (
				F75C548521B3BE4A009AA3DC /* Debug */,
				F75C548621B3BE4A009AA3DC /* Release */,
			);
			defaultConfigurationIsVisible = 0;
			defaultConfigurationName = Release;
		};
		F75C548721B3BE4A009AA3DC /* Build configuration list for PBXNativeTarget "Haulio" */ = {
			isa = XCConfigurationList;
			buildConfigurations = (
				F75C548821B3BE4A009AA3DC /* Debug */,
				F75C548921B3BE4A009AA3DC /* Release */,
			);
			defaultConfigurationIsVisible = 0;
			defaultConfigurationName = Release;
		};
		F75C548A21B3BE4A009AA3DC /* Build configuration list for PBXNativeTarget "HaulioTests" */ = {
			isa = XCConfigurationList;
			buildConfigurations = (
				F75C548B21B3BE4A009AA3DC /* Debug */,
				F75C548C21B3BE4A009AA3DC /* Release */,
			);
			defaultConfigurationIsVisible = 0;
			defaultConfigurationName = Release;
		};
/* End XCConfigurationList section */
	};
	rootObject = F75C546221B3BE49009AA3DC /* Project object */;
}
